
Microsoft Visual Studio Solution File, Format Version 12.00
# Visual Studio 15
Project("{FAE04EC0-301F-11D3-BF4B-00C04F79EFBC}") = "Assembly-CSharp", "Assembly-CSharp.csproj", "{2904851B-D514-6D59-9011-194BCAF640D9}"
EndProject
Project("{FAE04EC0-301F-11D3-BF4B-00C04F79EFBC}") = "Assembly-CSharp-Editor", "Assembly-CSharp-Editor.csproj", "{8051D195-ECF0-F4ED-F924-21F8AD7022A6}"
EndProject
Global
	GlobalSection(SolutionConfigurationPlatforms) = preSolution
		Debug|Any CPU = Debug|Any CPU
		Release|Any CPU = Release|Any CPU
	EndGlobalSection
	GlobalSection(ProjectConfigurationPlatforms) = postSolution
		{2904851B-D514-6D59-9011-194BCAF640D9}.Debug|Any CPU.ActiveCfg = Debug|Any CPU
		{2904851B-D514-6D59-9011-194BCAF640D9}.Debug|Any CPU.Build.0 = Debug|Any CPU
		{2904851B-D514-6D59-9011-194BCAF640D9}.Release|Any CPU.ActiveCfg = Release|Any CPU
		{2904851B-D514-6D59-9011-194BCAF640D9}.Release|Any CPU.Build.0 = Release|Any CPU
		{8051D195-ECF0-F4ED-F924-21F8AD7022A6}.Debug|Any CPU.ActiveCfg = Debug|Any CPU
		{8051D195-ECF0-F4ED-F924-21F8AD7022A6}.Debug|Any CPU.Build.0 = Debug|Any CPU
		{8051D195-ECF0-F4ED-F924-21F8AD7022A6}.Release|Any CPU.ActiveCfg = Release|Any CPU
		{8051D195-ECF0-F4ED-F924-21F8AD7022A6}.Release|Any CPU.Build.0 = Release|Any CPU
	EndGlobalSection
	GlobalSection(SolutionProperties) = preSolution
		HideSolutionNode = FALSE
	EndGlobalSection
	GlobalSection(MonoDevelopProperties) = preSolution
		StartupItem = Assembly-CSharp.csproj
	EndGlobalSection
EndGlobal
